
Microsoft Visual Studio Solution File, Format Version 12.00
# Visual Studio Version 17
VisualStudioVersion = 17.7.34202.233
MinimumVisualStudioVersion = 10.0.40219.1
Project("{FAE04EC0-301F-11D3-BF4B-00C04F79EFBC}") = "EmployeeManagementSystem", "EmployeeManagementSystem\EmployeeManagementSystem.csproj", "{718E6008-2799-49B5-B7F6-AE248EFFBEA3}"
EndProject
Project("{FAE04EC0-301F-11D3-BF4B-00C04F79EFBC}") = "DatabaseLibrary", "DatabaseLibrary\DatabaseLibrary.csproj", "{32973975-6F37-42BD-A56C-A8B8331A0DF7}"
EndProject
Global
	GlobalSection(SolutionConfigurationPlatforms) = preSolution
		Debug|Any CPU = Debug|Any CPU
		Release|Any CPU = Release|Any CPU
	EndGlobalSection
	GlobalSection(ProjectConfigurationPlatforms) = postSolution
		{718E6008-2799-49B5-B7F6-AE248EFFBEA3}.Debug|Any CPU.ActiveCfg = Debug|Any CPU
		{718E6008-2799-49B5-B7F6-AE248EFFBEA3}.Debug|Any CPU.Build.0 = Debug|Any CPU
		{718E6008-2799-49B5-B7F6-AE248EFFBEA3}.Release|Any CPU.ActiveCfg = Release|Any CPU
		{718E6008-2799-49B5-B7F6-AE248EFFBEA3}.Release|Any CPU.Build.0 = Release|Any CPU
		{32973975-6F37-42BD-A56C-A8B8331A0DF7}.Debug|Any CPU.ActiveCfg = Debug|Any CPU
		{32973975-6F37-42BD-A56C-A8B8331A0DF7}.Debug|Any CPU.Build.0 = Debug|Any CPU
		{32973975-6F37-42BD-A56C-A8B8331A0DF7}.Release|Any CPU.ActiveCfg = Release|Any CPU
		{32973975-6F37-42BD-A56C-A8B8331A0DF7}.Release|Any CPU.Build.0 = Release|Any CPU
	EndGlobalSection
	GlobalSection(SolutionProperties) = preSolution
		HideSolutionNode = FALSE
	EndGlobalSection
	GlobalSection(ExtensibilityGlobals) = postSolution
		SolutionGuid = {DC659298-2BD5-4EBB-B280-37C25B905B62}
	EndGlobalSection
EndGlobal
